
Microsoft Visual Studio Solution File, Format Version 12.00
# Visual Studio Version 17
VisualStudioVersion = 17.9.34728.123
MinimumVisualStudioVersion = 10.0.40219.1
Project("{9A19103F-16F7-4668-BE54-9A1E7A4F7556}") = "HWTDotNetCore.ConsoleApp", "HWTDotNetCore.ConsoleApp\HWTDotNetCore.ConsoleApp.csproj", "{0DD35B1C-EBF8-4FD2-A32F-81160B0935BB}"
EndProject
Project("{2150E333-8FDC-42A3-9474-1A3956D46DE8}") = "Documents", "Documents", "{5C47A0A7-2C15-4B54-99EF-EEA9B7413A4D}"
	ProjectSection(SolutionItems) = preProject
		C:\Users\Bankuser\Desktop\DotNetTrainingBatch4.sql = C:\Users\Bankuser\Desktop\DotNetTrainingBatch4.sql
		README.md = README.md
	EndProjectSection
EndProject
Project("{9A19103F-16F7-4668-BE54-9A1E7A4F7556}") = "HWTDotNetCore.RestAPI", "HWTDotNetCore.RestAPI\HWTDotNetCore.RestAPI.csproj", "{5638787A-12A6-4489-BC4D-9CEB1D6A99F9}"
EndProject
Project("{9A19103F-16F7-4668-BE54-9A1E7A4F7556}") = "HWTDotNetCore.Shared", "HWTDotNetCore.Shared\HWTDotNetCore.Shared.csproj", "{4462DBA3-5EFF-4FAD-B124-BA7574A65BB3}"
EndProject
Project("{9A19103F-16F7-4668-BE54-9A1E7A4F7556}") = "HWTDotNetCore.RestAPIWithNLayer", "HWTDotNetCore.RestAPIWithNLayer\HWTDotNetCore.RestAPIWithNLayer.csproj", "{F7CFB5A8-9E45-4DEA-B2FE-CE37B4FB120C}"
EndProject
Project("{9A19103F-16F7-4668-BE54-9A1E7A4F7556}") = "HWTDotNetCore.ConsoleAppHttpClient", "HWTDotNetCore.ConsoleAppHttpClient\HWTDotNetCore.ConsoleAppHttpClient.csproj", "{5A497029-EAE0-4CE6-9FF3-4D9E7AD66C8E}"
EndProject
Project("{9A19103F-16F7-4668-BE54-9A1E7A4F7556}") = "HWTDotNetCore.ConsoleAppHttpClientExample", "HWTDotNetCore.ConsoleAppHttpClientExample\HWTDotNetCore.ConsoleAppHttpClientExample.csproj", "{CAEB4C64-4EC9-4DA1-AA45-E4678BEB636D}"
EndProject
Project("{9A19103F-16F7-4668-BE54-9A1E7A4F7556}") = "HWTDotNetCore.ConsoleAppRestClientExample", "HWTDotNetCore.ConsoleAppRestClientExample\HWTDotNetCore.ConsoleAppRestClientExample.csproj", "{3611C98D-015F-4F87-ADDF-6C2F38DA186F}"
EndProject
Project("{9A19103F-16F7-4668-BE54-9A1E7A4F7556}") = "HWTDotNetCore.PizzaApi", "HWTDotNetCore.PizzaApi\HWTDotNetCore.PizzaApi.csproj", "{E2C692A5-B7EF-4B12-BBD6-4844AE8384DE}"
EndProject
Project("{9A19103F-16F7-4668-BE54-9A1E7A4F7556}") = "HWTDotNetCore.ConsoleAppRefitExample", "HWTDotNetCore.ConsoleAppRefitExample\HWTDotNetCore.ConsoleAppRefitExample.csproj", "{0AF824D0-3D3C-412E-868F-BD6DDE204F83}"
EndProject
Project("{9A19103F-16F7-4668-BE54-9A1E7A4F7556}") = "HWTDotNetCore.WinFormsApp", "HWTDotNetCore.WinFormsApp\HWTDotNetCore.WinFormsApp.csproj", "{25148E20-FB05-4E8F-93E0-82AE4E29D2CC}"
EndProject
Project("{FAE04EC0-301F-11D3-BF4B-00C04F79EFBC}") = "HWTDotNetCore.WindowFormsAppSqlInjection", "HWTDotNetCore.WindowFormsAppSqlInjection\HWTDotNetCore.WindowFormsAppSqlInjection.csproj", "{24C7D7C9-5189-42F2-9FE6-AEF989AA54D3}"
EndProject
Global
	GlobalSection(SolutionConfigurationPlatforms) = preSolution
		Debug|Any CPU = Debug|Any CPU
		Release|Any CPU = Release|Any CPU
	EndGlobalSection
	GlobalSection(ProjectConfigurationPlatforms) = postSolution
		{0DD35B1C-EBF8-4FD2-A32F-81160B0935BB}.Debug|Any CPU.ActiveCfg = Debug|Any CPU
		{0DD35B1C-EBF8-4FD2-A32F-81160B0935BB}.Debug|Any CPU.Build.0 = Debug|Any CPU
		{0DD35B1C-EBF8-4FD2-A32F-81160B0935BB}.Release|Any CPU.ActiveCfg = Release|Any CPU
		{0DD35B1C-EBF8-4FD2-A32F-81160B0935BB}.Release|Any CPU.Build.0 = Release|Any CPU
		{5638787A-12A6-4489-BC4D-9CEB1D6A99F9}.Debug|Any CPU.ActiveCfg = Debug|Any CPU
		{5638787A-12A6-4489-BC4D-9CEB1D6A99F9}.Debug|Any CPU.Build.0 = Debug|Any CPU
		{5638787A-12A6-4489-BC4D-9CEB1D6A99F9}.Release|Any CPU.ActiveCfg = Release|Any CPU
		{5638787A-12A6-4489-BC4D-9CEB1D6A99F9}.Release|Any CPU.Build.0 = Release|Any CPU
		{4462DBA3-5EFF-4FAD-B124-BA7574A65BB3}.Debug|Any CPU.ActiveCfg = Debug|Any CPU
		{4462DBA3-5EFF-4FAD-B124-BA7574A65BB3}.Debug|Any CPU.Build.0 = Debug|Any CPU
		{4462DBA3-5EFF-4FAD-B124-BA7574A65BB3}.Release|Any CPU.ActiveCfg = Release|Any CPU
		{4462DBA3-5EFF-4FAD-B124-BA7574A65BB3}.Release|Any CPU.Build.0 = Release|Any CPU
		{F7CFB5A8-9E45-4DEA-B2FE-CE37B4FB120C}.Debug|Any CPU.ActiveCfg = Debug|Any CPU
		{F7CFB5A8-9E45-4DEA-B2FE-CE37B4FB120C}.Debug|Any CPU.Build.0 = Debug|Any CPU
		{F7CFB5A8-9E45-4DEA-B2FE-CE37B4FB120C}.Release|Any CPU.ActiveCfg = Release|Any CPU
		{F7CFB5A8-9E45-4DEA-B2FE-CE37B4FB120C}.Release|Any CPU.Build.0 = Release|Any CPU
		{5A497029-EAE0-4CE6-9FF3-4D9E7AD66C8E}.Debug|Any CPU.ActiveCfg = Debug|Any CPU
		{5A497029-EAE0-4CE6-9FF3-4D9E7AD66C8E}.Debug|Any CPU.Build.0 = Debug|Any CPU
		{5A497029-EAE0-4CE6-9FF3-4D9E7AD66C8E}.Release|Any CPU.ActiveCfg = Release|Any CPU
		{5A497029-EAE0-4CE6-9FF3-4D9E7AD66C8E}.Release|Any CPU.Build.0 = Release|Any CPU
		{CAEB4C64-4EC9-4DA1-AA45-E4678BEB636D}.Debug|Any CPU.ActiveCfg = Debug|Any CPU
		{CAEB4C64-4EC9-4DA1-AA45-E4678BEB636D}.Debug|Any CPU.Build.0 = Debug|Any CPU
		{CAEB4C64-4EC9-4DA1-AA45-E4678BEB636D}.Release|Any CPU.ActiveCfg = Release|Any CPU
		{CAEB4C64-4EC9-4DA1-AA45-E4678BEB636D}.Release|Any CPU.Build.0 = Release|Any CPU
		{3611C98D-015F-4F87-ADDF-6C2F38DA186F}.Debug|Any CPU.ActiveCfg = Debug|Any CPU
		{3611C98D-015F-4F87-ADDF-6C2F38DA186F}.Debug|Any CPU.Build.0 = Debug|Any CPU
		{3611C98D-015F-4F87-ADDF-6C2F38DA186F}.Release|Any CPU.ActiveCfg = Release|Any CPU
		{3611C98D-015F-4F87-ADDF-6C2F38DA186F}.Release|Any CPU.Build.0 = Release|Any CPU
		{E2C692A5-B7EF-4B12-BBD6-4844AE8384DE}.Debug|Any CPU.ActiveCfg = Debug|Any CPU
		{E2C692A5-B7EF-4B12-BBD6-4844AE8384DE}.Debug|Any CPU.Build.0 = Debug|Any CPU
		{E2C692A5-B7EF-4B12-BBD6-4844AE8384DE}.Release|Any CPU.ActiveCfg = Release|Any CPU
		{E2C692A5-B7EF-4B12-BBD6-4844AE8384DE}.Release|Any CPU.Build.0 = Release|Any CPU
		{0AF824D0-3D3C-412E-868F-BD6DDE204F83}.Debug|Any CPU.ActiveCfg = Debug|Any CPU
		{0AF824D0-3D3C-412E-868F-BD6DDE204F83}.Debug|Any CPU.Build.0 = Debug|Any CPU
		{0AF824D0-3D3C-412E-868F-BD6DDE204F83}.Release|Any CPU.ActiveCfg = Release|Any CPU
		{0AF824D0-3D3C-412E-868F-BD6DDE204F83}.Release|Any CPU.Build.0 = Release|Any CPU
		{25148E20-FB05-4E8F-93E0-82AE4E29D2CC}.Debug|Any CPU.ActiveCfg = Debug|Any CPU
		{25148E20-FB05-4E8F-93E0-82AE4E29D2CC}.Debug|Any CPU.Build.0 = Debug|Any CPU
		{25148E20-FB05-4E8F-93E0-82AE4E29D2CC}.Release|Any CPU.ActiveCfg = Release|Any CPU
		{25148E20-FB05-4E8F-93E0-82AE4E29D2CC}.Release|Any CPU.Build.0 = Release|Any CPU
		{24C7D7C9-5189-42F2-9FE6-AEF989AA54D3}.Debug|Any CPU.ActiveCfg = Debug|Any CPU
		{24C7D7C9-5189-42F2-9FE6-AEF989AA54D3}.Debug|Any CPU.Build.0 = Debug|Any CPU
		{24C7D7C9-5189-42F2-9FE6-AEF989AA54D3}.Release|Any CPU.ActiveCfg = Release|Any CPU
		{24C7D7C9-5189-42F2-9FE6-AEF989AA54D3}.Release|Any CPU.Build.0 = Release|Any CPU
	EndGlobalSection
	GlobalSection(SolutionProperties) = preSolution
		HideSolutionNode = FALSE
	EndGlobalSection
	GlobalSection(ExtensibilityGlobals) = postSolution
		SolutionGuid = {2D1BF344-C070-429C-A929-DD787CA19141}
	EndGlobalSection
EndGlobal
